// !$*UTF8*$!
{
	archiveVersion = 1;
	classes = {
	};
	objectVersion = 46;
	objects = {

/* Begin PBXBuildFile section */
		59378D4E1A0E21E2003B19D0 /* AddToDoItemViewController.m in Sources */ = {isa = PBXBuildFile; fileRef = 59378D4D1A0E21E2003B19D0 /* AddToDoItemViewController.m */; };
		59378D511A0E2283003B19D0 /* ToDoListTableViewController.m in Sources */ = {isa = PBXBuildFile; fileRef = 59378D501A0E2283003B19D0 /* ToDoListTableViewController.m */; };
		59936DA11A0D2FDF00D5708B /* main.m in Sources */ = {isa = PBXBuildFile; fileRef = 59936DA01A0D2FDF00D5708B /* main.m */; };
		59936DA41A0D2FDF00D5708B /* AppDelegate.m in Sources */ = {isa = PBXBuildFile; fileRef = 59936DA31A0D2FDF00D5708B /* AppDelegate.m */; };
		59936DAC1A0D2FDF00D5708B /* Images.xcassets in Resources */ = {isa = PBXBuildFile; fileRef = 59936DAB1A0D2FDF00D5708B /* Images.xcassets */; };
		59936DAF1A0D2FDF00D5708B /* LaunchScreen.xib in Resources */ = {isa = PBXBuildFile; fileRef = 59936DAD1A0D2FDF00D5708B /* LaunchScreen.xib */; };
		59936DBB1A0D2FDF00D5708B /* ToDoListTests.m in Sources */ = {isa = PBXBuildFile; fileRef = 59936DBA1A0D2FDF00D5708B /* ToDoListTests.m */; };
		59936DC51A0D312300D5708B /* Main.storyboard in Resources */ = {isa = PBXBuildFile; fileRef = 59936DC41A0D312300D5708B /* Main.storyboard */; };
/* End PBXBuildFile section */

/* Begin PBXContainerItemProxy section */
		59936DB51A0D2FDF00D5708B /* PBXContainerItemProxy */ = {
			isa = PBXContainerItemProxy;
			containerPortal = 59936D931A0D2FDF00D5708B /* Project object */;
			proxyType = 1;
			remoteGlobalIDString = 59936D9A1A0D2FDF00D5708B;
			remoteInfo = ToDoList;
		};
/* End PBXContainerItemProxy section */

/* Begin PBXFileReference section */
		59378D4C1A0E21E2003B19D0 /* AddToDoItemViewController.h */ = {isa = PBXFileReference; fileEncoding = 4; lastKnownFileType = sourcecode.c.h; path = AddToDoItemViewController.h; sourceTree = "<group>"; };
		59378D4D1A0E21E2003B19D0 /* AddToDoItemViewController.m */ = {isa = PBXFileReference; fileEncoding = 4; lastKnownFileType = sourcecode.c.objc; path = AddToDoItemViewController.m; sourceTree = "<group>"; };
		59378D4F1A0E2283003B19D0 /* ToDoListTableViewController.h */ = {isa = PBXFileReference; fileEncoding = 4; lastKnownFileType = sourcecode.c.h; path = ToDoListTableViewController.h; sourceTree = "<group>"; };
		59378D501A0E2283003B19D0 /* ToDoListTableViewController.m */ = {isa = PBXFileReference; fileEncoding = 4; lastKnownFileType = sourcecode.c.objc; path = ToDoListTableViewController.m; sourceTree = "<group>"; };
		59936D9B1A0D2FDF00D5708B /* ToDoList.app */ = {isa = PBXFileReference; explicitFileType = wrapper.application; includeInIndex = 0; path = ToDoList.app; sourceTree = BUILT_PRODUCTS_DIR; };
		59936D9F1A0D2FDF00D5708B /* Info.plist */ = {isa = PBXFileReference; lastKnownFileType = text.plist.xml; path = Info.plist; sourceTree = "<group>"; };
		59936DA01A0D2FDF00D5708B /* main.m */ = {isa = PBXFileReference; lastKnownFileType = sourcecode.c.objc; path = main.m; sourceTree = "<group>"; };
		59936DA21A0D2FDF00D5708B /* AppDelegate.h */ = {isa = PBXFileReference; lastKnownFileType = sourcecode.c.h; path = AppDelegate.h; sourceTree = "<group>"; };
		59936DA31A0D2FDF00D5708B /* AppDelegate.m */ = {isa = PBXFileReference; lastKnownFileType = sourcecode.c.objc; path = AppDelegate.m; sourceTree = "<group>"; };
		59936DAB1A0D2FDF00D5708B /* Images.xcassets */ = {isa = PBXFileReference; lastKnownFileType = folder.assetcatalog; path = Images.xcassets; sourceTree = "<group>"; };
		59936DAE1A0D2FDF00D5708B /* Base */ = {isa = PBXFileReference; lastKnownFileType = file.xib; name = Base; path = Base.lproj/LaunchScreen.xib; sourceTree = "<group>"; };
		59936DB41A0D2FDF00D5708B /* ToDoListTests.xctest */ = {isa = PBXFileReference; explicitFileType = wrapper.cfbundle; includeInIndex = 0; path = ToDoListTests.xctest; sourceTree = BUILT_PRODUCTS_DIR; };
		59936DB91A0D2FDF00D5708B /* Info.plist */ = {isa = PBXFileReference; lastKnownFileType = text.plist.xml; path = Info.plist; sourceTree = "<group>"; };
		59936DBA1A0D2FDF00D5708B /* ToDoListTests.m */ = {isa = PBXFileReference; lastKnownFileType = sourcecode.c.objc; path = ToDoListTests.m; sourceTree = "<group>"; };
		59936DC41A0D312300D5708B /* Main.storyboard */ = {isa = PBXFileReference; fileEncoding = 4; lastKnownFileType = file.storyboard; name = Main.storyboard; path = ../Main.storyboard; sourceTree = "<group>"; };
/* End PBXFileReference section */

/* Begin PBXFrameworksBuildPhase section */
		59936D981A0D2FDF00D5708B /* Frameworks */ = {
			isa = PBXFrameworksBuildPhase;
			buildActionMask = 2147483647;
			files = (
			);
			runOnlyForDeploymentPostprocessing = 0;
		};
		59936DB11A0D2FDF00D5708B /* Frameworks */ = {
			isa = PBXFrameworksBuildPhase;
			buildActionMask = 2147483647;
			files = (
			);
			runOnlyForDeploymentPostprocessing = 0;
		};
/* End PBXFrameworksBuildPhase section */

/* Begin PBXGroup section */
		59936D921A0D2FDF00D5708B = {
			isa = PBXGroup;
			children = (
				59936D9D1A0D2FDF00D5708B /* ToDoList */,
				59936DB71A0D2FDF00D5708B /* ToDoListTests */,
				59936D9C1A0D2FDF00D5708B /* Products */,
			);
			sourceTree = "<group>";
		};
		59936D9C1A0D2FDF00D5708B /* Products */ = {
			isa = PBXGroup;
			children = (
				59936D9B1A0D2FDF00D5708B /* ToDoList.app */,
				59936DB41A0D2FDF00D5708B /* ToDoListTests.xctest */,
			);
			name = Products;
			sourceTree = "<group>";
		};
		59936D9D1A0D2FDF00D5708B /* ToDoList */ = {
			isa = PBXGroup;
			children = (
				59936DA21A0D2FDF00D5708B /* AppDelegate.h */,
				59936DA31A0D2FDF00D5708B /* AppDelegate.m */,
				59378D4C1A0E21E2003B19D0 /* AddToDoItemViewController.h */,
				59378D4D1A0E21E2003B19D0 /* AddToDoItemViewController.m */,
				59378D4F1A0E2283003B19D0 /* ToDoListTableViewController.h */,
				59378D501A0E2283003B19D0 /* ToDoListTableViewController.m */,
				59936DC41A0D312300D5708B /* Main.storyboard */,
				59936DAB1A0D2FDF00D5708B /* Images.xcassets */,
				59936DAD1A0D2FDF00D5708B /* LaunchScreen.xib */,
				59936D9E1A0D2FDF00D5708B /* Supporting Files */,
			);
			path = ToDoList;
			sourceTree = "<group>";
		};
		59936D9E1A0D2FDF00D5708B /* Supporting Files */ = {
			isa = PBXGroup;
			children = (
				59936D9F1A0D2FDF00D5708B /* Info.plist */,
				59936DA01A0D2FDF00D5708B /* main.m */,
			);
			name = "Supporting Files";
			sourceTree = "<group>";
		};
		59936DB71A0D2FDF00D5708B /* ToDoListTests */ = {
			isa = PBXGroup;
			children = (
				59936DBA1A0D2FDF00D5708B /* ToDoListTests.m */,
				59936DB81A0D2FDF00D5708B /* Supporting Files */,
			);
			path = ToDoListTests;
			sourceTree = "<group>";
		};
		59936DB81A0D2FDF00D5708B /* Supporting Files */ = {
			isa = PBXGroup;
			children = (
				59936DB91A0D2FDF00D5708B /* Info.plist */,
			);
			name = "Supporting Files";
			sourceTree = "<group>";
		};
/* End PBXGroup section */

/* Begin PBXNativeTarget section */
		59936D9A1A0D2FDF00D5708B /* ToDoList */ = {
			isa = PBXNativeTarget;
			buildConfigurationList = 59936DBE1A0D2FDF00D5708B /* Build configuration list for PBXNativeTarget "ToDoList" */;
			buildPhases = (
				59936D971A0D2FDF00D5708B /* Sources */,
				59936D981A0D2FDF00D5708B /* Frameworks */,
				59936D991A0D2FDF00D5708B /* Resources */,
			);
			buildRules = (
			);
			dependencies = (
			);
			name = ToDoList;
			productName = ToDoList;
			productReference = 59936D9B1A0D2FDF00D5708B /* ToDoList.app */;
			productType = "com.apple.product-type.application";
		};
		59936DB31A0D2FDF00D5708B /* ToDoListTests */ = {
			isa = PBXNativeTarget;
			buildConfigurationList = 59936DC11A0D2FDF00D5708B /* Build configuration list for PBXNativeTarget "ToDoListTests" */;
			buildPhases = (
				59936DB01A0D2FDF00D5708B /* Sources */,
				59936DB11A0D2FDF00D5708B /* Frameworks */,
				59936DB21A0D2FDF00D5708B /* Resources */,
			);
			buildRules = (
			);
			dependencies = (
				59936DB61A0D2FDF00D5708B /* PBXTargetDependency */,
			);
			name = ToDoListTests;
			productName = ToDoListTests;
			productReference = 59936DB41A0D2FDF00D5708B /* ToDoListTests.xctest */;
			productType = "com.apple.product-type.bundle.unit-test";
		};
/* End PBXNativeTarget section */

/* Begin PBXProject section */
		59936D931A0D2FDF00D5708B /* Project object */ = {
			isa = PBXProject;
			attributes = {
				LastUpgradeCheck = 0600;
				ORGANIZATIONNAME = dam;
				TargetAttributes = {
					59936D9A1A0D2FDF00D5708B = {
						CreatedOnToolsVersion = 6.0.1;
					};
					59936DB31A0D2FDF00D5708B = {
						CreatedOnToolsVersion = 6.0.1;
						TestTargetID = 59936D9A1A0D2FDF00D5708B;
					};
				};
			};
			buildConfigurationList = 59936D961A0D2FDF00D5708B /* Build configuration list for PBXProject "ToDoList" */;
			compatibilityVersion = "Xcode 3.2";
			developmentRegion = English;
			hasScannedForEncodings = 0;
			knownRegions = (
				en,
				Base,
			);
			mainGroup = 59936D921A0D2FDF00D5708B;
			productRefGroup = 59936D9C1A0D2FDF00D5708B /* Products */;
			projectDirPath = "";
			projectRoot = "";
			targets = (
				59936D9A1A0D2FDF00D5708B /* ToDoList */,
				59936DB31A0D2FDF00D5708B /* ToDoListTests */,
			);
		};
/* End PBXProject section */

/* Begin PBXResourcesBuildPhase section */
		59936D991A0D2FDF00D5708B /* Resources */ = {
			isa = PBXResourcesBuildPhase;
			buildActionMask = 2147483647;
			files = (
				59936DC51A0D312300D5708B /* Main.storyboard in Resources */,
				59936DAF1A0D2FDF00D5708B /* LaunchScreen.xib in Resources */,
				59936DAC1A0D2FDF00D5708B /* Images.xcassets in Resources */,
			);
			runOnlyForDeploymentPostprocessing = 0;
		};
		59936DB21A0D2FDF00D5708B /* Resources */ = {
			isa = PBXResourcesBuildPhase;
			buildActionMask = 2147483647;
			files = (
			);
			runOnlyForDeploymentPostprocessing = 0;
		};
/* End PBXResourcesBuildPhase section */

/* Begin PBXSourcesBuildPhase section */
		59936D971A0D2FDF00D5708B /* Sources */ = {
			isa = PBXSourcesBuildPhase;
			buildActionMask = 2147483647;
			files = (
				59936DA41A0D2FDF00D5708B /* AppDelegate.m in Sources */,
				59378D511A0E2283003B19D0 /* ToDoListTableViewController.m in Sources */,
				59936DA11A0D2FDF00D5708B /* main.m in Sources */,
				59378D4E1A0E21E2003B19D0 /* AddToDoItemViewController.m in Sources */,
			);
			runOnlyForDeploymentPostprocessing = 0;
		};
		59936DB01A0D2FDF00D5708B /* Sources */ = {
			isa = PBXSourcesBuildPhase;
			buildActionMask = 2147483647;
			files = (
				59936DBB1A0D2FDF00D5708B /* ToDoListTests.m in Sources */,
			);
			runOnlyForDeploymentPostprocessing = 0;
		};
/* End PBXSourcesBuildPhase section */

/* Begin PBXTargetDependency section */
		59936DB61A0D2FDF00D5708B /* PBXTargetDependency */ = {
			isa = PBXTargetDependency;
			target = 59936D9A1A0D2FDF00D5708B /* ToDoList */;
			targetProxy = 59936DB51A0D2FDF00D5708B /* PBXContainerItemProxy */;
		};
/* End PBXTargetDependency section */

/* Begin PBXVariantGroup section */
		59936DAD1A0D2FDF00D5708B /* LaunchScreen.xib */ = {
			isa = PBXVariantGroup;
			children = (
				59936DAE1A0D2FDF00D5708B /* Base */,
			);
			name = LaunchScreen.xib;
			sourceTree = "<group>";
		};
/* End PBXVariantGroup section */

/* Begin XCBuildConfiguration section */
		59936DBC1A0D2FDF00D5708B /* Debug */ = {
			isa = XCBuildConfiguration;
			buildSettings = {
				ALWAYS_SEARCH_USER_PATHS = NO;
				CLANG_CXX_LANGUAGE_STANDARD = "gnu++0x";
				CLANG_CXX_LIBRARY = "libc++";
				CLANG_ENABLE_MODULES = YES;
				CLANG_ENABLE_OBJC_ARC = YES;
				CLANG_WARN_BOOL_CONVERSION = YES;
				CLANG_WARN_CONSTANT_CONVERSION = YES;
				CLANG_WARN_DIRECT_OBJC_ISA_USAGE = YES_ERROR;
				CLANG_WARN_EMPTY_BODY = YES;
				CLANG_WARN_ENUM_CONVERSION = YES;
				CLANG_WARN_INT_CONVERSION = YES;
				CLANG_WARN_OBJC_ROOT_CLASS = YES_ERROR;
				CLANG_WARN_UNREACHABLE_CODE = YES;
				CLANG_WARN__DUPLICATE_METHOD_MATCH = YES;
				"CODE_SIGN_IDENTITY[sdk=iphoneos*]" = "iPhone Developer";
				COPY_PHASE_STRIP = NO;
				ENABLE_STRICT_OBJC_MSGSEND = YES;
				GCC_C_LANGUAGE_STANDARD = gnu99;
				GCC_DYNAMIC_NO_PIC = NO;
				GCC_OPTIMIZATION_LEVEL = 0;
				GCC_PREPROCESSOR_DEFINITIONS = (
					"DEBUG=1",
					"$(inherited)",
				);
				GCC_SYMBOLS_PRIVATE_EXTERN = NO;
				GCC_WARN_64_TO_32_BIT_CONVERSION = YES;
				GCC_WARN_ABOUT_RETURN_TYPE = YES_ERROR;
				GCC_WARN_UNDECLARED_SELECTOR = YES;
				GCC_WARN_UNINITIALIZED_AUTOS = YES_AGGRESSIVE;
				GCC_WARN_UNUSED_FUNCTION = YES;
				GCC_WARN_UNUSED_VARIABLE = YES;
				IPHONEOS_DEPLOYMENT_TARGET = 8.0;
				MTL_ENABLE_DEBUG_INFO = YES;
				ONLY_ACTIVE_ARCH = YES;
				SDKROOT = iphoneos;
			};
			name = Debug;
		};
		59936DBD1A0D2FDF00D5708B /* Release */ = {
			isa = XCBuildConfiguration;
			buildSettings = {
				ALWAYS_SEARCH_USER_PATHS = NO;
				CLANG_CXX_LANGUAGE_STANDARD = "gnu++0x";
				CLANG_CXX_LIBRARY = "libc++";
				CLANG_ENABLE_MODULES = YES;
				CLANG_ENABLE_OBJC_ARC = YES;
				CLANG_WARN_BOOL_CONVERSION = YES;
				CLANG_WARN_CONSTANT_CONVERSION = YES;
				CLANG_WARN_DIRECT_OBJC_ISA_USAGE = YES_ERROR;
				CLANG_WARN_EMPTY_BODY = YES;
				CLANG_WARN_ENUM_CONVERSION = YES;
				CLANG_WARN_INT_CONVERSION = YES;
				CLANG_WARN_OBJC_ROOT_CLASS = YES_ERROR;
				CLANG_WARN_UNREACHABLE_CODE = YES;
				CLANG_WARN__DUPLICATE_METHOD_MATCH = YES;
				"CODE_SIGN_IDENTITY[sdk=iphoneos*]" = "iPhone Developer";
				COPY_PHASE_STRIP = YES;
				ENABLE_NS_ASSERTIONS = NO;
				ENABLE_STRICT_OBJC_MSGSEND = YES;
				GCC_C_LANGUAGE_STANDARD = gnu99;
				GCC_WARN_64_TO_32_BIT_CONVERSION = YES;
				GCC_WARN_ABOUT_RETURN_TYPE = YES_ERROR;
				GCC_WARN_UNDECLARED_SELECTOR = YES;
				GCC_WARN_UNINITIALIZED_AUTOS = YES_AGGRESSIVE;
				GCC_WARN_UNUSED_FUNCTION = YES;
				GCC_WARN_UNUSED_VARIABLE = YES;
				IPHONEOS_DEPLOYMENT_TARGET = 8.0;
				MTL_ENABLE_DEBUG_INFO = NO;
				SDKROOT = iphoneos;
				VALIDATE_PRODUCT = YES;
			};
			name = Release;
		};
		59936DBF1A0D2FDF00D5708B /* Debug */ = {
			isa = XCBuildConfiguration;
			buildSettings = {
				ASSETCATALOG_COMPILER_APPICON_NAME = AppIcon;
				INFOPLIST_FILE = ToDoList/Info.plist;
				LD_RUNPATH_SEARCH_PATHS = "$(inherited) @executable_path/Frameworks";
				PRODUCT_NAME = "$(TARGET_NAME)";
			};
			name = Debug;
		};
		59936DC01A0D2FDF00D5708B /* Release */ = {
			isa = XCBuildConfiguration;
			buildSettings = {
				ASSETCATALOG_COMPILER_APPICON_NAME = AppIcon;
				INFOPLIST_FILE = ToDoList/Info.plist;
				LD_RUNPATH_SEARCH_PATHS = "$(inherited) @executable_path/Frameworks";
				PRODUCT_NAME = "$(TARGET_NAME)";
			};
			name = Release;
		};
		59936DC21A0D2FDF00D5708B /* Debug */ = {
			isa = XCBuildConfiguration;
			buildSettings = {
				BUNDLE_LOADER = "$(TEST_HOST)";
				FRAMEWORK_SEARCH_PATHS = (
					"$(SDKROOT)/Developer/Library/Frameworks",
					"$(inherited)",
				);
				GCC_PREPROCESSOR_DEFINITIONS = (
					"DEBUG=1",
					"$(inherited)",
				);
				INFOPLIST_FILE = ToDoListTests/Info.plist;
				LD_RUNPATH_SEARCH_PATHS = "$(inherited) @executable_path/Frameworks @loader_path/Frameworks";
				PRODUCT_NAME = "$(TARGET_NAME)";
				TEST_HOST = "$(BUILT_PRODUCTS_DIR)/ToDoList.app/ToDoList";
			};
			name = Debug;
		};
		59936DC31A0D2FDF00D5708B /* Release */ = {
			isa = XCBuildConfiguration;
			buildSettings = {
				BUNDLE_LOADER = "$(TEST_HOST)";
				FRAMEWORK_SEARCH_PATHS = (
					"$(SDKROOT)/Developer/Library/Frameworks",
					"$(inherited)",
				);
				INFOPLIST_FILE = ToDoListTests/Info.plist;
				LD_RUNPATH_SEARCH_PATHS = "$(inherited) @executable_path/Frameworks @loader_path/Frameworks";
				PRODUCT_NAME = "$(TARGET_NAME)";
				TEST_HOST = "$(BUILT_PRODUCTS_DIR)/ToDoList.app/ToDoList";
			};
			name = Release;
		};
/* End XCBuildConfiguration section */

/* Begin XCConfigurationList section */
		59936D961A0D2FDF00D5708B /* Build configuration list for PBXProject "ToDoList" */ = {
			isa = XCConfigurationList;
			buildConfigurations = (
				59936DBC1A0D2FDF00D5708B /* Debug */,
				59936DBD1A0D2FDF00D5708B /* Release */,
			);
			defaultConfigurationIsVisible = 0;
			defaultConfigurationName = Release;
		};
		59936DBE1A0D2FDF00D5708B /* Build configuration list for PBXNativeTarget "ToDoList" */ = {
			isa = XCConfigurationList;
			buildConfigurations = (
				59936DBF1A0D2FDF00D5708B /* Debug */,
				59936DC01A0D2FDF00D5708B /* Release */,
			);
			defaultConfigurationIsVisible = 0;
			defaultConfigurationName = Release;
		};
		59936DC11A0D2FDF00D5708B /* Build configuration list for PBXNativeTarget "ToDoListTests" */ = {
			isa = XCConfigurationList;
			buildConfigurations = (
				59936DC21A0D2FDF00D5708B /* Debug */,
				59936DC31A0D2FDF00D5708B /* Release */,
			);
			defaultConfigurationIsVisible = 0;
			defaultConfigurationName = Release;
		};
/* End XCConfigurationList section */
	};
	rootObject = 59936D931A0D2FDF00D5708B /* Project object */;
}
